// !$*UTF8*$!
{
	archiveVersion = 1;
	classes = {
	};
	objectVersion = 46;
	objects = {

/* Begin PBXBuildFile section */
		7A10E5AC1478AB6D0082341A /* InfoPlist.strings in Resources */ = {isa = PBXBuildFile; fileRef = 7A10E5AA1478AB6D0082341A /* InfoPlist.strings */; };
		7A10E5B61478AB6D0082341A /* SenTestingKit.framework in Frameworks */ = {isa = PBXBuildFile; fileRef = 7A10E5B51478AB6D0082341A /* SenTestingKit.framework */; };
		7A10E5B81478AB6D0082341A /* UIKit.framework in Frameworks */ = {isa = PBXBuildFile; fileRef = 7A10E5B71478AB6D0082341A /* UIKit.framework */; };
		7A10E5BA1478AB6D0082341A /* Foundation.framework in Frameworks */ = {isa = PBXBuildFile; fileRef = 7A10E5B91478AB6D0082341A /* Foundation.framework */; };
		7A10E5BD1478AB6D0082341A /* EmailCorrect.framework in Resources */ = {isa = PBXBuildFile; fileRef = 7A10E5A51478AB6D0082341A /* EmailCorrect.framework */; };
		7A10E5C31478AB6D0082341A /* InfoPlist.strings in Resources */ = {isa = PBXBuildFile; fileRef = 7A10E5C11478AB6D0082341A /* InfoPlist.strings */; };
		7A10E5C61478AB6D0082341A /* EmailCorrectTests.m in Sources */ = {isa = PBXBuildFile; fileRef = 7A10E5C51478AB6D0082341A /* EmailCorrectTests.m */; };
		7A10E5D11478AB8F0082341A /* EmailCorrect.h in Headers */ = {isa = PBXBuildFile; fileRef = 7A10E5CF1478AB8F0082341A /* EmailCorrect.h */; };
		7A10E5D21478AB8F0082341A /* EmailCorrect.m in Sources */ = {isa = PBXBuildFile; fileRef = 7A10E5D01478AB8F0082341A /* EmailCorrect.m */; };
		7A10E5D31478AB8F0082341A /* EmailCorrect.m in Sources */ = {isa = PBXBuildFile; fileRef = 7A10E5D01478AB8F0082341A /* EmailCorrect.m */; };
		7AB23B8015D33E96007E3A65 /* EmailCorrect+Private.h in Headers */ = {isa = PBXBuildFile; fileRef = 7AB23B7F15D33E96007E3A65 /* EmailCorrect+Private.h */; };
/* End PBXBuildFile section */

/* Begin PBXContainerItemProxy section */
		7A10E5BB1478AB6D0082341A /* PBXContainerItemProxy */ = {
			isa = PBXContainerItemProxy;
			containerPortal = 7A10E5991478AB6D0082341A /* Project object */;
			proxyType = 1;
			remoteGlobalIDString = 7A10E5A41478AB6D0082341A;
			remoteInfo = EmailCorrect;
		};
/* End PBXContainerItemProxy section */

/* Begin PBXFileReference section */
		7A10E5A51478AB6D0082341A /* EmailCorrect.framework */ = {isa = PBXFileReference; explicitFileType = wrapper.cfbundle; includeInIndex = 0; path = EmailCorrect.framework; sourceTree = BUILT_PRODUCTS_DIR; };
		7A10E5A91478AB6D0082341A /* EmailCorrect-Info.plist */ = {isa = PBXFileReference; lastKnownFileType = text.plist.xml; path = "EmailCorrect-Info.plist"; sourceTree = "<group>"; };
		7A10E5AB1478AB6D0082341A /* en */ = {isa = PBXFileReference; lastKnownFileType = text.plist.strings; name = en; path = en.lproj/InfoPlist.strings; sourceTree = "<group>"; };
		7A10E5AD1478AB6D0082341A /* EmailCorrect-Prefix.pch */ = {isa = PBXFileReference; lastKnownFileType = sourcecode.c.h; path = "EmailCorrect-Prefix.pch"; sourceTree = "<group>"; };
		7A10E5B31478AB6D0082341A /* EmailCorrectTests.octest */ = {isa = PBXFileReference; explicitFileType = wrapper.cfbundle; includeInIndex = 0; path = EmailCorrectTests.octest; sourceTree = BUILT_PRODUCTS_DIR; };
		7A10E5B51478AB6D0082341A /* SenTestingKit.framework */ = {isa = PBXFileReference; lastKnownFileType = wrapper.framework; name = SenTestingKit.framework; path = Library/Frameworks/SenTestingKit.framework; sourceTree = DEVELOPER_DIR; };
		7A10E5B71478AB6D0082341A /* UIKit.framework */ = {isa = PBXFileReference; lastKnownFileType = wrapper.framework; name = UIKit.framework; path = Library/Frameworks/UIKit.framework; sourceTree = DEVELOPER_DIR; };
		7A10E5B91478AB6D0082341A /* Foundation.framework */ = {isa = PBXFileReference; lastKnownFileType = wrapper.framework; name = Foundation.framework; path = Library/Frameworks/Foundation.framework; sourceTree = DEVELOPER_DIR; };
		7A10E5C01478AB6D0082341A /* EmailCorrectTests-Info.plist */ = {isa = PBXFileReference; lastKnownFileType = text.plist.xml; path = "EmailCorrectTests-Info.plist"; sourceTree = "<group>"; };
		7A10E5C21478AB6D0082341A /* en */ = {isa = PBXFileReference; lastKnownFileType = text.plist.strings; name = en; path = en.lproj/InfoPlist.strings; sourceTree = "<group>"; };
		7A10E5C41478AB6D0082341A /* EmailCorrectTests.h */ = {isa = PBXFileReference; lastKnownFileType = sourcecode.c.h; path = EmailCorrectTests.h; sourceTree = "<group>"; };
		7A10E5C51478AB6D0082341A /* EmailCorrectTests.m */ = {isa = PBXFileReference; lastKnownFileType = sourcecode.c.objc; path = EmailCorrectTests.m; sourceTree = "<group>"; };
		7A10E5CF1478AB8F0082341A /* EmailCorrect.h */ = {isa = PBXFileReference; fileEncoding = 4; lastKnownFileType = sourcecode.c.h; path = EmailCorrect.h; sourceTree = "<group>"; };
		7A10E5D01478AB8F0082341A /* EmailCorrect.m */ = {isa = PBXFileReference; fileEncoding = 4; lastKnownFileType = sourcecode.c.objc; path = EmailCorrect.m; sourceTree = "<group>"; };
		7AB23B7F15D33E96007E3A65 /* EmailCorrect+Private.h */ = {isa = PBXFileReference; fileEncoding = 4; lastKnownFileType = sourcecode.c.h; path = "EmailCorrect+Private.h"; sourceTree = "<group>"; };
/* End PBXFileReference section */

/* Begin PBXFrameworksBuildPhase section */
		7A10E5A01478AB6D0082341A /* Frameworks */ = {
			isa = PBXFrameworksBuildPhase;
			buildActionMask = 2147483647;
			files = (
			);
			runOnlyForDeploymentPostprocessing = 0;
		};
		7A10E5AF1478AB6D0082341A /* Frameworks */ = {
			isa = PBXFrameworksBuildPhase;
			buildActionMask = 2147483647;
			files = (
				7A10E5B61478AB6D0082341A /* SenTestingKit.framework in Frameworks */,
				7A10E5B81478AB6D0082341A /* UIKit.framework in Frameworks */,
				7A10E5BA1478AB6D0082341A /* Foundation.framework in Frameworks */,
			);
			runOnlyForDeploymentPostprocessing = 0;
		};
/* End PBXFrameworksBuildPhase section */

/* Begin PBXGroup section */
		7A10E5971478AB6D0082341A = {
			isa = PBXGroup;
			children = (
				7A10E5A71478AB6D0082341A /* EmailCorrect */,
				7A10E5BE1478AB6D0082341A /* EmailCorrectTests */,
				7A10E5B41478AB6D0082341A /* Frameworks */,
				7A10E5A61478AB6D0082341A /* Products */,
			);
			sourceTree = "<group>";
		};
		7A10E5A61478AB6D0082341A /* Products */ = {
			isa = PBXGroup;
			children = (
				7A10E5A51478AB6D0082341A /* EmailCorrect.framework */,
				7A10E5B31478AB6D0082341A /* EmailCorrectTests.octest */,
			);
			name = Products;
			sourceTree = "<group>";
		};
		7A10E5A71478AB6D0082341A /* EmailCorrect */ = {
			isa = PBXGroup;
			children = (
				7A10E5A81478AB6D0082341A /* Supporting Files */,
				7A10E5CF1478AB8F0082341A /* EmailCorrect.h */,
				7A10E5D01478AB8F0082341A /* EmailCorrect.m */,
				7AB23B7F15D33E96007E3A65 /* EmailCorrect+Private.h */,
			);
			path = EmailCorrect;
			sourceTree = "<group>";
		};
		7A10E5A81478AB6D0082341A /* Supporting Files */ = {
			isa = PBXGroup;
			children = (
				7A10E5A91478AB6D0082341A /* EmailCorrect-Info.plist */,
				7A10E5AA1478AB6D0082341A /* InfoPlist.strings */,
				7A10E5AD1478AB6D0082341A /* EmailCorrect-Prefix.pch */,
			);
			name = "Supporting Files";
			sourceTree = "<group>";
		};
		7A10E5B41478AB6D0082341A /* Frameworks */ = {
			isa = PBXGroup;
			children = (
				7A10E5B51478AB6D0082341A /* SenTestingKit.framework */,
				7A10E5B71478AB6D0082341A /* UIKit.framework */,
				7A10E5B91478AB6D0082341A /* Foundation.framework */,
			);
			name = Frameworks;
			sourceTree = "<group>";
		};
		7A10E5BE1478AB6D0082341A /* EmailCorrectTests */ = {
			isa = PBXGroup;
			children = (
				7A10E5C41478AB6D0082341A /* EmailCorrectTests.h */,
				7A10E5C51478AB6D0082341A /* EmailCorrectTests.m */,
				7A10E5BF1478AB6D0082341A /* Supporting Files */,
			);
			path = EmailCorrectTests;
			sourceTree = "<group>";
		};
		7A10E5BF1478AB6D0082341A /* Supporting Files */ = {
			isa = PBXGroup;
			children = (
				7A10E5C01478AB6D0082341A /* EmailCorrectTests-Info.plist */,
				7A10E5C11478AB6D0082341A /* InfoPlist.strings */,
			);
			name = "Supporting Files";
			sourceTree = "<group>";
		};
/* End PBXGroup section */

/* Begin PBXHeadersBuildPhase section */
		7A10E5A11478AB6D0082341A /* Headers */ = {
			isa = PBXHeadersBuildPhase;
			buildActionMask = 2147483647;
			files = (
				7A10E5D11478AB8F0082341A /* EmailCorrect.h in Headers */,
				7AB23B8015D33E96007E3A65 /* EmailCorrect+Private.h in Headers */,
			);
			runOnlyForDeploymentPostprocessing = 0;
		};
/* End PBXHeadersBuildPhase section */

/* Begin PBXNativeTarget section */
		7A10E5A41478AB6D0082341A /* EmailCorrect */ = {
			isa = PBXNativeTarget;
			buildConfigurationList = 7A10E5C91478AB6E0082341A /* Build configuration list for PBXNativeTarget "EmailCorrect" */;
			buildPhases = (
				7A10E59E1478AB6D0082341A /* ShellScript */,
				7A10E59F1478AB6D0082341A /* Sources */,
				7A10E5A01478AB6D0082341A /* Frameworks */,
				7A10E5A11478AB6D0082341A /* Headers */,
				7A10E5A21478AB6D0082341A /* Resources */,
				7A10E5A31478AB6D0082341A /* ShellScript */,
			);
			buildRules = (
			);
			dependencies = (
			);
			name = EmailCorrect;
			productName = EmailCorrect;
			productReference = 7A10E5A51478AB6D0082341A /* EmailCorrect.framework */;
			productType = "com.apple.product-type.bundle";
		};
		7A10E5B21478AB6D0082341A /* EmailCorrectTests */ = {
			isa = PBXNativeTarget;
			buildConfigurationList = 7A10E5CC1478AB6E0082341A /* Build configuration list for PBXNativeTarget "EmailCorrectTests" */;
			buildPhases = (
				7A10E5AE1478AB6D0082341A /* Sources */,
				7A10E5AF1478AB6D0082341A /* Frameworks */,
				7A10E5B01478AB6D0082341A /* Resources */,
				7A10E5B11478AB6D0082341A /* ShellScript */,
			);
			buildRules = (
			);
			dependencies = (
				7A10E5BC1478AB6D0082341A /* PBXTargetDependency */,
			);
			name = EmailCorrectTests;
			productName = EmailCorrectTests;
			productReference = 7A10E5B31478AB6D0082341A /* EmailCorrectTests.octest */;
			productType = "com.apple.product-type.bundle";
		};
/* End PBXNativeTarget section */

/* Begin PBXProject section */
		7A10E5991478AB6D0082341A /* Project object */ = {
			isa = PBXProject;
			attributes = {
				LastUpgradeCheck = 0450;
			};
			buildConfigurationList = 7A10E59C1478AB6D0082341A /* Build configuration list for PBXProject "EmailCorrect" */;
			compatibilityVersion = "Xcode 3.2";
			developmentRegion = English;
			hasScannedForEncodings = 0;
			knownRegions = (
				en,
			);
			mainGroup = 7A10E5971478AB6D0082341A;
			productRefGroup = 7A10E5A61478AB6D0082341A /* Products */;
			projectDirPath = "";
			projectRoot = "";
			targets = (
				7A10E5A41478AB6D0082341A /* EmailCorrect */,
				7A10E5B21478AB6D0082341A /* EmailCorrectTests */,
			);
		};
/* End PBXProject section */

/* Begin PBXResourcesBuildPhase section */
		7A10E5A21478AB6D0082341A /* Resources */ = {
			isa = PBXResourcesBuildPhase;
			buildActionMask = 2147483647;
			files = (
				7A10E5AC1478AB6D0082341A /* InfoPlist.strings in Resources */,
			);
			runOnlyForDeploymentPostprocessing = 0;
		};
		7A10E5B01478AB6D0082341A /* Resources */ = {
			isa = PBXResourcesBuildPhase;
			buildActionMask = 2147483647;
			files = (
				7A10E5BD1478AB6D0082341A /* EmailCorrect.framework in Resources */,
				7A10E5C31478AB6D0082341A /* InfoPlist.strings in Resources */,
			);
			runOnlyForDeploymentPostprocessing = 0;
		};
/* End PBXResourcesBuildPhase section */

/* Begin PBXShellScriptBuildPhase section */
		7A10E59E1478AB6D0082341A /* ShellScript */ = {
			isa = PBXShellScriptBuildPhase;
			buildActionMask = 2147483647;
			files = (
			);
			inputPaths = (
			);
			outputPaths = (
			);
			runOnlyForDeploymentPostprocessing = 0;
			shellPath = /bin/sh;
			shellScript = "set -e\n\nset +u\nif [[ $UFW_MASTER_SCRIPT_RUNNING ]]\nthen\n    # Nothing for the slave script to do\n    exit 0\nfi\nset -u\n\nif [[ \"$SDK_NAME\" =~ ([A-Za-z]+) ]]\nthen\n    UFW_SDK_PLATFORM=${BASH_REMATCH[1]}\nelse\n    echo \"Could not find platform name from SDK_NAME: $SDK_NAME\"\n    exit 1\nfi\n\nif [[ \"$SDK_NAME\" =~ ([0-9]+.*$) ]]\nthen\n\tUFW_SDK_VERSION=${BASH_REMATCH[1]}\nelse\n    echo \"Could not find sdk version  from SDK_NAME: $SDK_NAME\"\n    exit 1\nfi\n\nif [[ \"$UFW_SDK_PLATFORM\" = \"iphoneos\" ]]\nthen\n    UFW_OTHER_PLATFORM=iphonesimulator\nelse\n    UFW_OTHER_PLATFORM=iphoneos\nfi\n\nif [[ \"$BUILT_PRODUCTS_DIR\" =~ (.*)$UFW_SDK_PLATFORM$ ]]\nthen\n    UFW_OTHER_BUILT_PRODUCTS_DIR=\"${BASH_REMATCH[1]}${UFW_OTHER_PLATFORM}\"\nelse\n    echo \"Could not find $UFW_SDK_PLATFORM in $BUILT_PRODUCTS_DIR\"\n    exit 1\nfi\n\n\n# Short-circuit if all binaries are up to date\n\nif [[ -f \"${BUILT_PRODUCTS_DIR}/${EXECUTABLE_PATH}\" ]] && \\\n   [[ -f \"${BUILT_PRODUCTS_DIR}/${PRODUCT_NAME}.embeddedframework/${EXECUTABLE_PATH}\" ]] && \\\n   [[ ! \"${BUILT_PRODUCTS_DIR}/${EXECUTABLE_PATH}\" -nt \"${BUILT_PRODUCTS_DIR}/${PRODUCT_NAME}.embeddedframework/${EXECUTABLE_PATH}\" ]]\n   [[ -f \"${UFW_OTHER_BUILT_PRODUCTS_DIR}/${EXECUTABLE_PATH}\" ]] && \\\n   [[ -f \"${UFW_OTHER_BUILT_PRODUCTS_DIR}/${PRODUCT_NAME}.embeddedframework/${EXECUTABLE_PATH}\" ]] && \\\n   [[ ! \"${UFW_OTHER_BUILT_PRODUCTS_DIR}/${EXECUTABLE_PATH}\" -nt \"${UFW_OTHER_BUILT_PRODUCTS_DIR}/${PRODUCT_NAME}.embeddedframework/${EXECUTABLE_PATH}\" ]]\nthen\n    exit 0\nfi\n\n\n# Clean other platform if needed\n\nif [[ ! -f \"${BUILT_PRODUCTS_DIR}/${EXECUTABLE_PATH}\" ]]\nthen\n\techo \"Platform \\\"$UFW_SDK_PLATFORM\\\" was cleaned recently. Cleaning \\\"$UFW_OTHER_PLATFORM\\\" as well\"\n\techo xcodebuild -project \"${PROJECT_FILE_PATH}\" -target \"${TARGET_NAME}\" -configuration \"${CONFIGURATION}\" -sdk ${UFW_OTHER_PLATFORM}${UFW_SDK_VERSION} BUILD_DIR=\"${BUILD_DIR}\" CONFIGURATION_TEMP_DIR=\"${PROJECT_TEMP_DIR}/${CONFIGURATION}-${UFW_OTHER_PLATFORM}\" clean\n\txcodebuild -project \"${PROJECT_FILE_PATH}\" -target \"${TARGET_NAME}\" -configuration \"${CONFIGURATION}\" -sdk ${UFW_OTHER_PLATFORM}${UFW_SDK_VERSION} BUILD_DIR=\"${BUILD_DIR}\" CONFIGURATION_TEMP_DIR=\"${PROJECT_TEMP_DIR}/${CONFIGURATION}-${UFW_OTHER_PLATFORM}\" clean\nfi\n\n\n# Make sure we are building from fresh binaries\n\nrm -rf \"${BUILT_PRODUCTS_DIR}/${EXECUTABLE_PATH}\"\nrm -rf \"${BUILT_PRODUCTS_DIR}/${PRODUCT_NAME}.embeddedframework\"\nrm -rf \"${UFW_OTHER_BUILT_PRODUCTS_DIR}/${EXECUTABLE_PATH}\"\nrm -rf \"${UFW_OTHER_BUILT_PRODUCTS_DIR}/${PRODUCT_NAME}.embeddedframework\"\n";
		};
		7A10E5A31478AB6D0082341A /* ShellScript */ = {
			isa = PBXShellScriptBuildPhase;
			buildActionMask = 2147483647;
			files = (
			);
			inputPaths = (
			);
			outputPaths = (
			);
			runOnlyForDeploymentPostprocessing = 0;
			shellPath = /bin/sh;
			shellScript = "set -e\n\nset +u\nif [[ $UFW_MASTER_SCRIPT_RUNNING ]]\nthen\n    # Nothing for the slave script to do\n    exit 0\nfi\nset -u\nexport UFW_MASTER_SCRIPT_RUNNING=1\n\n\n# Functions\n\n## List files in the specified directory, storing to the specified array.\n#\n# @param $1 The path to list\n# @param $2 The name of the array to fill\n#\n##\nlist_files ()\n{\n    filelist=$(ls \"$1\")\n    while read line\n    do\n        eval \"$2[\\${#$2[*]}]=\\\"\\$line\\\"\"\n    done <<< \"$filelist\"\n}\n\n\n# Sanity check\n\nif [[ ! -f \"${BUILT_PRODUCTS_DIR}/${EXECUTABLE_PATH}\" ]]\nthen\n    echo \"Framework target \\\"${TARGET_NAME}\\\" had no source files to build from. Make sure your source files have the correct target membership\"\n    exit 1\nfi\n\n\n# Gather information\n\nif [[ \"$SDK_NAME\" =~ ([A-Za-z]+) ]]\nthen\n    UFW_SDK_PLATFORM=${BASH_REMATCH[1]}\nelse\n    echo \"Could not find platform name from SDK_NAME: $SDK_NAME\"\n    exit 1\nfi\n\nif [[ \"$SDK_NAME\" =~ ([0-9]+.*$) ]]\nthen\n    UFW_SDK_VERSION=${BASH_REMATCH[1]}\nelse\n    echo \"Could not find sdk version from SDK_NAME: $SDK_NAME\"\n    exit 1\nfi\n\nif [[ \"$UFW_SDK_PLATFORM\" = \"iphoneos\" ]]\nthen\n    UFW_OTHER_PLATFORM=iphonesimulator\nelse\n    UFW_OTHER_PLATFORM=iphoneos\nfi\n\nif [[ \"$BUILT_PRODUCTS_DIR\" =~ (.*)$UFW_SDK_PLATFORM$ ]]\nthen\n    UFW_OTHER_BUILT_PRODUCTS_DIR=\"${BASH_REMATCH[1]}${UFW_OTHER_PLATFORM}\"\nelse\n    echo \"Could not find $UFW_SDK_PLATFORM in $BUILT_PRODUCTS_DIR\"\n    exit 1\nfi\n\n\n# Short-circuit if all binaries are up to date.\n# We already checked the other platform in the prerun script.\n\nif [[ -f \"${BUILT_PRODUCTS_DIR}/${EXECUTABLE_PATH}\" ]] && [[ -f \"${BUILT_PRODUCTS_DIR}/${PRODUCT_NAME}.embeddedframework/${EXECUTABLE_PATH}\" ]] && [[ ! \"${BUILT_PRODUCTS_DIR}/${EXECUTABLE_PATH}\" -nt \"${BUILT_PRODUCTS_DIR}/${PRODUCT_NAME}.embeddedframework/${EXECUTABLE_PATH}\" ]]\nthen\n    exit 0\nfi\n\n\n# Make sure the other platform gets built\n\necho \"Build other platform\"\n\necho xcodebuild -project \"${PROJECT_FILE_PATH}\" -target \"${TARGET_NAME}\" -configuration \"${CONFIGURATION}\" -sdk ${UFW_OTHER_PLATFORM}${UFW_SDK_VERSION} BUILD_DIR=\"${BUILD_DIR}\" CONFIGURATION_TEMP_DIR=\"${PROJECT_TEMP_DIR}/${CONFIGURATION}-${UFW_OTHER_PLATFORM}\" $ACTION\nxcodebuild -project \"${PROJECT_FILE_PATH}\" -target \"${TARGET_NAME}\" -configuration \"${CONFIGURATION}\" -sdk ${UFW_OTHER_PLATFORM}${UFW_SDK_VERSION} BUILD_DIR=\"${BUILD_DIR}\" CONFIGURATION_TEMP_DIR=\"${PROJECT_TEMP_DIR}/${CONFIGURATION}-${UFW_OTHER_PLATFORM}\" $ACTION\n\n\n# Build the fat static library binary\n\necho \"Create universal static library\"\n\necho \"$PLATFORM_DEVELOPER_BIN_DIR/libtool\" -static \"${BUILT_PRODUCTS_DIR}/${EXECUTABLE_PATH}\" \"${UFW_OTHER_BUILT_PRODUCTS_DIR}/${EXECUTABLE_PATH}\" -o \"${BUILT_PRODUCTS_DIR}/${EXECUTABLE_PATH}.temp\"\n\"$PLATFORM_DEVELOPER_BIN_DIR/libtool\" -static \"${BUILT_PRODUCTS_DIR}/${EXECUTABLE_PATH}\" \"${UFW_OTHER_BUILT_PRODUCTS_DIR}/${EXECUTABLE_PATH}\" -o \"${BUILT_PRODUCTS_DIR}/${EXECUTABLE_PATH}.temp\"\n\necho mv \"${BUILT_PRODUCTS_DIR}/${EXECUTABLE_PATH}.temp\" \"${BUILT_PRODUCTS_DIR}/${EXECUTABLE_PATH}\"\nmv \"${BUILT_PRODUCTS_DIR}/${EXECUTABLE_PATH}.temp\" \"${BUILT_PRODUCTS_DIR}/${EXECUTABLE_PATH}\"\n\n\n# Build framework structure\n\necho \"Build symlinks\"\n\necho ln -sf A \"${BUILT_PRODUCTS_DIR}/${WRAPPER_NAME}/Versions/Current\"\nln -sf A \"${BUILT_PRODUCTS_DIR}/${WRAPPER_NAME}/Versions/Current\"\necho ln -sf Versions/Current/Headers \"${BUILT_PRODUCTS_DIR}/${WRAPPER_NAME}/Headers\"\nln -sf Versions/Current/Headers \"${BUILT_PRODUCTS_DIR}/${WRAPPER_NAME}/Headers\"\necho ln -sf Versions/Current/Resources \"${BUILT_PRODUCTS_DIR}/${WRAPPER_NAME}/Resources\"\nln -sf Versions/Current/Resources \"${BUILT_PRODUCTS_DIR}/${WRAPPER_NAME}/Resources\"\necho ln -sf \"Versions/Current/${EXECUTABLE_NAME}\" \"${BUILT_PRODUCTS_DIR}/${WRAPPER_NAME}/${EXECUTABLE_NAME}\"\nln -sf \"Versions/Current/${EXECUTABLE_NAME}\" \"${BUILT_PRODUCTS_DIR}/${WRAPPER_NAME}/${EXECUTABLE_NAME}\"\n\n\n# Link to binary for unit tests\n\nmkdir -p \"${BUILT_PRODUCTS_DIR}/.fake_fw_testing.framework\"\nln -sf \"../${WRAPPER_NAME}/${EXECUTABLE_NAME}\" \"${BUILT_PRODUCTS_DIR}/.fake_fw_testing.framework/.fake_fw_testing\"\n\n\n# Build embedded framework structure\n\necho \"Build Embedded Framework\"\n\necho rm -rf \"${BUILT_PRODUCTS_DIR}/${PRODUCT_NAME}.embeddedframework\"\nrm -rf \"${BUILT_PRODUCTS_DIR}/${PRODUCT_NAME}.embeddedframework\"\necho mkdir -p \"${BUILT_PRODUCTS_DIR}/${PRODUCT_NAME}.embeddedframework/Resources\"\nmkdir -p \"${BUILT_PRODUCTS_DIR}/${PRODUCT_NAME}.embeddedframework/Resources\"\necho cp -a \"${BUILT_PRODUCTS_DIR}/${WRAPPER_NAME}\" \"${BUILT_PRODUCTS_DIR}/${PRODUCT_NAME}.embeddedframework/\"\ncp -a \"${BUILT_PRODUCTS_DIR}/${WRAPPER_NAME}\" \"${BUILT_PRODUCTS_DIR}/${PRODUCT_NAME}.embeddedframework/\"\n\ndeclare -a UFW_FILE_LIST\nlist_files \"${BUILT_PRODUCTS_DIR}/${UNLOCALIZED_RESOURCES_FOLDER_PATH}\" UFW_FILE_LIST\nfor filename in \"${UFW_FILE_LIST[@]}\"\ndo\n    if [[ \"${filename}\" != \"Info.plist\" ]] && [[ ! \"${filename}\" =~ .*\\.lproj$ ]]\n    then\n        echo ln -sf \"../${WRAPPER_NAME}/Resources/${filename}\" \"${BUILT_PRODUCTS_DIR}/${PRODUCT_NAME}.embeddedframework/Resources/${filename}\"\n        ln -sf \"../${WRAPPER_NAME}/Resources/${filename}\" \"${BUILT_PRODUCTS_DIR}/${PRODUCT_NAME}.embeddedframework/Resources/${filename}\"\n    fi\ndone\n\n\n# Replace other platform's framework with a copy of this one (so that both have the same universal binary)\n\necho \"Copy from $UFW_SDK_PLATFORM to $UFW_OTHER_PLATFORM\"\n\necho rm -rf \"${BUILD_DIR}/${CONFIGURATION}-${UFW_OTHER_PLATFORM}\"\nrm -rf \"${BUILD_DIR}/${CONFIGURATION}-${UFW_OTHER_PLATFORM}\"\necho cp -a \"${BUILD_DIR}/${CONFIGURATION}-${UFW_SDK_PLATFORM}\" \"${BUILD_DIR}/${CONFIGURATION}-${UFW_OTHER_PLATFORM}\"\ncp -a \"${BUILD_DIR}/${CONFIGURATION}-${UFW_SDK_PLATFORM}\" \"${BUILD_DIR}/${CONFIGURATION}-${UFW_OTHER_PLATFORM}\"\n";
		};
		7A10E5B11478AB6D0082341A /* ShellScript */ = {
			isa = PBXShellScriptBuildPhase;
			buildActionMask = 2147483647;
			files = (
			);
			inputPaths = (
			);
			outputPaths = (
			);
			runOnlyForDeploymentPostprocessing = 0;
			shellPath = /bin/sh;
			shellScript = "# Run the unit tests in this test bundle.\n\"${SYSTEM_DEVELOPER_DIR}/Tools/RunUnitTests\"\n";
		};
/* End PBXShellScriptBuildPhase section */

/* Begin PBXSourcesBuildPhase section */
		7A10E59F1478AB6D0082341A /* Sources */ = {
			isa = PBXSourcesBuildPhase;
			buildActionMask = 2147483647;
			files = (
				7A10E5D21478AB8F0082341A /* EmailCorrect.m in Sources */,
			);
			runOnlyForDeploymentPostprocessing = 0;
		};
		7A10E5AE1478AB6D0082341A /* Sources */ = {
			isa = PBXSourcesBuildPhase;
			buildActionMask = 2147483647;
			files = (
				7A10E5C61478AB6D0082341A /* EmailCorrectTests.m in Sources */,
				7A10E5D31478AB8F0082341A /* EmailCorrect.m in Sources */,
			);
			runOnlyForDeploymentPostprocessing = 0;
		};
/* End PBXSourcesBuildPhase section */

/* Begin PBXTargetDependency section */
		7A10E5BC1478AB6D0082341A /* PBXTargetDependency */ = {
			isa = PBXTargetDependency;
			target = 7A10E5A41478AB6D0082341A /* EmailCorrect */;
			targetProxy = 7A10E5BB1478AB6D0082341A /* PBXContainerItemProxy */;
		};
/* End PBXTargetDependency section */

/* Begin PBXVariantGroup section */
		7A10E5AA1478AB6D0082341A /* InfoPlist.strings */ = {
			isa = PBXVariantGroup;
			children = (
				7A10E5AB1478AB6D0082341A /* en */,
			);
			name = InfoPlist.strings;
			sourceTree = "<group>";
		};
		7A10E5C11478AB6D0082341A /* InfoPlist.strings */ = {
			isa = PBXVariantGroup;
			children = (
				7A10E5C21478AB6D0082341A /* en */,
			);
			name = InfoPlist.strings;
			sourceTree = "<group>";
		};
/* End PBXVariantGroup section */

/* Begin XCBuildConfiguration section */
		7A10E5C71478AB6E0082341A /* Debug */ = {
			isa = XCBuildConfiguration;
			buildSettings = {
				ALWAYS_SEARCH_USER_PATHS = NO;
				ARCHS = "$(ARCHS_STANDARD_32_BIT)";
				COPY_PHASE_STRIP = NO;
				GCC_C_LANGUAGE_STANDARD = gnu99;
				GCC_DYNAMIC_NO_PIC = NO;
				GCC_OPTIMIZATION_LEVEL = 0;
				GCC_PREPROCESSOR_DEFINITIONS = (
					"DEBUG=1",
					"$(inherited)",
				);
				GCC_SYMBOLS_PRIVATE_EXTERN = NO;
				GCC_VERSION = com.apple.compilers.llvm.clang.1_0;
				GCC_WARN_ABOUT_MISSING_PROTOTYPES = YES;
				GCC_WARN_ABOUT_RETURN_TYPE = YES;
				GCC_WARN_UNUSED_VARIABLE = YES;
				IPHONEOS_DEPLOYMENT_TARGET = 5.0;
				SDKROOT = iphoneos;
			};
			name = Debug;
		};
		7A10E5C81478AB6E0082341A /* Release */ = {
			isa = XCBuildConfiguration;
			buildSettings = {
				ALWAYS_SEARCH_USER_PATHS = NO;
				ARCHS = "$(ARCHS_STANDARD_32_BIT)";
				COPY_PHASE_STRIP = YES;
				GCC_C_LANGUAGE_STANDARD = gnu99;
				GCC_VERSION = com.apple.compilers.llvm.clang.1_0;
				GCC_WARN_ABOUT_MISSING_PROTOTYPES = YES;
				GCC_WARN_ABOUT_RETURN_TYPE = YES;
				GCC_WARN_UNUSED_VARIABLE = YES;
				IPHONEOS_DEPLOYMENT_TARGET = 5.0;
				SDKROOT = iphoneos;
				VALIDATE_PRODUCT = YES;
			};
			name = Release;
		};
		7A10E5CA1478AB6E0082341A /* Debug */ = {
			isa = XCBuildConfiguration;
			buildSettings = {
				CONTENTS_FOLDER_PATH = "$(WRAPPER_NAME)/Versions/$(FRAMEWORK_VERSION)";
				DEAD_CODE_STRIPPING = NO;
				DEPLOYMENT_POSTPROCESSING = YES;
				DYLIB_COMPATIBILITY_VERSION = 1;
				DYLIB_CURRENT_VERSION = 1;
				FRAMEWORK_VERSION = A;
				GCC_PRECOMPILE_PREFIX_HEADER = YES;
				GCC_PREFIX_HEADER = "EmailCorrect/EmailCorrect-Prefix.pch";
				INFOPLIST_FILE = "EmailCorrect/EmailCorrect-Info.plist";
				INFOPLIST_PATH = "$(UNLOCALIZED_RESOURCES_FOLDER_PATH)/Info.plist";
				INSTALL_PATH = "$(BUILT_PRODUCTS_DIR)";
				LINK_WITH_STANDARD_LIBRARIES = NO;
				MACH_O_TYPE = mh_object;
				PRODUCT_NAME = "$(TARGET_NAME)";
				SKIP_INSTALL = YES;
				UNLOCALIZED_RESOURCES_FOLDER_PATH = "$(CONTENTS_FOLDER_PATH)/Resources";
				WRAPPER_EXTENSION = framework;
			};
			name = Debug;
		};
		7A10E5CB1478AB6E0082341A /* Release */ = {
			isa = XCBuildConfiguration;
			buildSettings = {
				CONTENTS_FOLDER_PATH = "$(WRAPPER_NAME)/Versions/$(FRAMEWORK_VERSION)";
				DEAD_CODE_STRIPPING = NO;
				DEPLOYMENT_POSTPROCESSING = YES;
				DYLIB_COMPATIBILITY_VERSION = 1;
				DYLIB_CURRENT_VERSION = 1;
				FRAMEWORK_VERSION = A;
				GCC_PRECOMPILE_PREFIX_HEADER = YES;
				GCC_PREFIX_HEADER = "EmailCorrect/EmailCorrect-Prefix.pch";
				INFOPLIST_FILE = "EmailCorrect/EmailCorrect-Info.plist";
				INFOPLIST_PATH = "$(UNLOCALIZED_RESOURCES_FOLDER_PATH)/Info.plist";
				INSTALL_PATH = "$(BUILT_PRODUCTS_DIR)";
				LINK_WITH_STANDARD_LIBRARIES = NO;
				MACH_O_TYPE = mh_object;
				PRODUCT_NAME = "$(TARGET_NAME)";
				SKIP_INSTALL = YES;
				UNLOCALIZED_RESOURCES_FOLDER_PATH = "$(CONTENTS_FOLDER_PATH)/Resources";
				WRAPPER_EXTENSION = framework;
			};
			name = Release;
		};
		7A10E5CD1478AB6E0082341A /* Debug */ = {
			isa = XCBuildConfiguration;
			buildSettings = {
				FRAMEWORK_SEARCH_PATHS = (
					"$(SDKROOT)/Developer/Library/Frameworks",
					"$(DEVELOPER_LIBRARY_DIR)/Frameworks",
				);
				GCC_PRECOMPILE_PREFIX_HEADER = YES;
				GCC_PREFIX_HEADER = "EmailCorrect/EmailCorrect-Prefix.pch";
				INFOPLIST_FILE = "EmailCorrectTests/EmailCorrectTests-Info.plist";
				OTHER_LDFLAGS = (
					"-framework",
					SenTestingKit,
					"-framework",
					.fake_fw_testing,
				);
				PRODUCT_NAME = "$(TARGET_NAME)";
				WRAPPER_EXTENSION = octest;
			};
			name = Debug;
		};
		7A10E5CE1478AB6E0082341A /* Release */ = {
			isa = XCBuildConfiguration;
			buildSettings = {
				FRAMEWORK_SEARCH_PATHS = (
					"$(SDKROOT)/Developer/Library/Frameworks",
					"$(DEVELOPER_LIBRARY_DIR)/Frameworks",
				);
				GCC_PRECOMPILE_PREFIX_HEADER = YES;
				GCC_PREFIX_HEADER = "EmailCorrect/EmailCorrect-Prefix.pch";
				INFOPLIST_FILE = "EmailCorrectTests/EmailCorrectTests-Info.plist";
				OTHER_LDFLAGS = (
					"-framework",
					SenTestingKit,
					"-framework",
					.fake_fw_testing,
				);
				PRODUCT_NAME = "$(TARGET_NAME)";
				WRAPPER_EXTENSION = octest;
			};
			name = Release;
		};
/* End XCBuildConfiguration section */

/* Begin XCConfigurationList section */
		7A10E59C1478AB6D0082341A /* Build configuration list for PBXProject "EmailCorrect" */ = {
			isa = XCConfigurationList;
			buildConfigurations = (
				7A10E5C71478AB6E0082341A /* Debug */,
				7A10E5C81478AB6E0082341A /* Release */,
			);
			defaultConfigurationIsVisible = 0;
			defaultConfigurationName = Release;
		};
		7A10E5C91478AB6E0082341A /* Build configuration list for PBXNativeTarget "EmailCorrect" */ = {
			isa = XCConfigurationList;
			buildConfigurations = (
				7A10E5CA1478AB6E0082341A /* Debug */,
				7A10E5CB1478AB6E0082341A /* Release */,
			);
			defaultConfigurationIsVisible = 0;
			defaultConfigurationName = Release;
		};
		7A10E5CC1478AB6E0082341A /* Build configuration list for PBXNativeTarget "EmailCorrectTests" */ = {
			isa = XCConfigurationList;
			buildConfigurations = (
				7A10E5CD1478AB6E0082341A /* Debug */,
				7A10E5CE1478AB6E0082341A /* Release */,
			);
			defaultConfigurationIsVisible = 0;
			defaultConfigurationName = Release;
		};
/* End XCConfigurationList section */
	};
	rootObject = 7A10E5991478AB6D0082341A /* Project object */;
}
